
Microsoft Visual Studio Solution File, Format Version 12.00
# Visual Studio Version 16
VisualStudioVersion = 16.0.30011.22
MinimumVisualStudioVersion = 10.0.40219.1
Project("{FAE04EC0-301F-11D3-BF4B-00C04F79EFBC}") = "Server", "Server\Server.csproj", "{DF717EA1-3157-47F1-A60E-EA432162E542}"
EndProject
Project("{FAE04EC0-301F-11D3-BF4B-00C04F79EFBC}") = "PEProtocol", "PEProtocol\PEProtocol.csproj", "{9D54064B-6999-44C7-BF95-04495EC766D9}"
EndProject
Global
	GlobalSection(SolutionConfigurationPlatforms) = preSolution
		Debug|Any CPU = Debug|Any CPU
		Release|Any CPU = Release|Any CPU
	EndGlobalSection
	GlobalSection(ProjectConfigurationPlatforms) = postSolution
		{DF717EA1-3157-47F1-A60E-EA432162E542}.Debug|Any CPU.ActiveCfg = Debug|Any CPU
		{DF717EA1-3157-47F1-A60E-EA432162E542}.Debug|Any CPU.Build.0 = Debug|Any CPU
		{DF717EA1-3157-47F1-A60E-EA432162E542}.Release|Any CPU.ActiveCfg = Release|Any CPU
		{DF717EA1-3157-47F1-A60E-EA432162E542}.Release|Any CPU.Build.0 = Release|Any CPU
		{9D54064B-6999-44C7-BF95-04495EC766D9}.Debug|Any CPU.ActiveCfg = Debug|Any CPU
		{9D54064B-6999-44C7-BF95-04495EC766D9}.Debug|Any CPU.Build.0 = Debug|Any CPU
		{9D54064B-6999-44C7-BF95-04495EC766D9}.Release|Any CPU.ActiveCfg = Release|Any CPU
		{9D54064B-6999-44C7-BF95-04495EC766D9}.Release|Any CPU.Build.0 = Release|Any CPU
	EndGlobalSection
	GlobalSection(SolutionProperties) = preSolution
		HideSolutionNode = FALSE
	EndGlobalSection
	GlobalSection(ExtensibilityGlobals) = postSolution
		SolutionGuid = {96A90C05-6F64-4076-A686-A2F57D7BCDC3}
	EndGlobalSection
EndGlobal
